// !$*UTF8*$!
{
	archiveVersion = 1;
	classes = {
	};
	objectVersion = 55;
	objects = {

/* Begin PBXBuildFile section */
		B66C8D02291949CA009B0055 /* AppDelegate.swift in Sources */ = {isa = PBXBuildFile; fileRef = B66C8D01291949CA009B0055 /* AppDelegate.swift */; };
		B66C8D04291949CA009B0055 /* SceneDelegate.swift in Sources */ = {isa = PBXBuildFile; fileRef = B66C8D03291949CA009B0055 /* SceneDelegate.swift */; };
		B66C8D06291949CA009B0055 /* ViewController.swift in Sources */ = {isa = PBXBuildFile; fileRef = B66C8D05291949CA009B0055 /* ViewController.swift */; };
		B66C8D0B291949CE009B0055 /* Assets.xcassets in Resources */ = {isa = PBXBuildFile; fileRef = B66C8D0A291949CE009B0055 /* Assets.xcassets */; };
		B66C8D0E291949CE009B0055 /* LaunchScreen.storyboard in Resources */ = {isa = PBXBuildFile; fileRef = B66C8D0C291949CE009B0055 /* LaunchScreen.storyboard */; };
		B66C8D1829194A86009B0055 /* View.swift in Sources */ = {isa = PBXBuildFile; fileRef = B66C8D1729194A86009B0055 /* View.swift */; };
		B66C8D1A29194AA2009B0055 /* ViewModel.swift in Sources */ = {isa = PBXBuildFile; fileRef = B66C8D1929194AA2009B0055 /* ViewModel.swift */; };
		B66C8D1E29194ADF009B0055 /* Coordinated.swift in Sources */ = {isa = PBXBuildFile; fileRef = B66C8D1D29194ADF009B0055 /* Coordinated.swift */; };
		B66C8D2029194AFF009B0055 /* Coordinator.swift in Sources */ = {isa = PBXBuildFile; fileRef = B66C8D1F29194AFF009B0055 /* Coordinator.swift */; };
		B66C8D2229194B1A009B0055 /* Coordinatable.swift in Sources */ = {isa = PBXBuildFile; fileRef = B66C8D2129194B1A009B0055 /* Coordinatable.swift */; };
		B66C8D2429194B2D009B0055 /* Route.swift in Sources */ = {isa = PBXBuildFile; fileRef = B66C8D2329194B2D009B0055 /* Route.swift */; };
		B66C8D2629194B4A009B0055 /* Module.swift in Sources */ = {isa = PBXBuildFile; fileRef = B66C8D2529194B4A009B0055 /* Module.swift */; };
		B66C8D2929194BA0009B0055 /* ModuleFactory.swift in Sources */ = {isa = PBXBuildFile; fileRef = B66C8D2829194BA0009B0055 /* ModuleFactory.swift */; };
		B66C8D2B29194BB3009B0055 /* Presentable.swift in Sources */ = {isa = PBXBuildFile; fileRef = B66C8D2A29194BB3009B0055 /* Presentable.swift */; };
		B66C8D2F29194EA0009B0055 /* MainViewModel.swift in Sources */ = {isa = PBXBuildFile; fileRef = B66C8D2E29194EA0009B0055 /* MainViewModel.swift */; };
		B66C8D31291952C5009B0055 /* MainView.swift in Sources */ = {isa = PBXBuildFile; fileRef = B66C8D30291952C4009B0055 /* MainView.swift */; };
		B66C8D3329195302009B0055 /* MainViewController.swift in Sources */ = {isa = PBXBuildFile; fileRef = B66C8D3229195302009B0055 /* MainViewController.swift */; };
		B66C8D3529195350009B0055 /* MainViewAssembly.swift in Sources */ = {isa = PBXBuildFile; fileRef = B66C8D3429195350009B0055 /* MainViewAssembly.swift */; };
		B66C8D38291958C0009B0055 /* RxSwift in Frameworks */ = {isa = PBXBuildFile; productRef = B66C8D37291958C0009B0055 /* RxSwift */; };
		B66C8D3B291962D1009B0055 /* Builder.swift in Sources */ = {isa = PBXBuildFile; fileRef = B66C8D3A291962D1009B0055 /* Builder.swift */; };
		B66C8D3D291962E9009B0055 /* Layout.swift in Sources */ = {isa = PBXBuildFile; fileRef = B66C8D3C291962E9009B0055 /* Layout.swift */; };
		B66C8D4029196310009B0055 /* NSLayoutConstraint.swift in Sources */ = {isa = PBXBuildFile; fileRef = B66C8D3F29196310009B0055 /* NSLayoutConstraint.swift */; };
		B66C8D422919632D009B0055 /* Array.swift in Sources */ = {isa = PBXBuildFile; fileRef = B66C8D412919632D009B0055 /* Array.swift */; };
		B66C8D44291963B7009B0055 /* Configurable.swift in Sources */ = {isa = PBXBuildFile; fileRef = B66C8D43291963B7009B0055 /* Configurable.swift */; };
		B66C8D48291974BB009B0055 /* NetworkService.swift in Sources */ = {isa = PBXBuildFile; fileRef = B66C8D47291974BB009B0055 /* NetworkService.swift */; };
		B66C8D4A291976A6009B0055 /* AppError.swift in Sources */ = {isa = PBXBuildFile; fileRef = B66C8D49291976A6009B0055 /* AppError.swift */; };
		B66C8D4C291976D9009B0055 /* LoaderService.swift in Sources */ = {isa = PBXBuildFile; fileRef = B66C8D4B291976D9009B0055 /* LoaderService.swift */; };
/* End PBXBuildFile section */

/* Begin PBXFileReference section */
		B66C8CFE291949CA009B0055 /* worder.app */ = {isa = PBXFileReference; explicitFileType = wrapper.application; includeInIndex = 0; path = worder.app; sourceTree = BUILT_PRODUCTS_DIR; };
		B66C8D01291949CA009B0055 /* AppDelegate.swift */ = {isa = PBXFileReference; lastKnownFileType = sourcecode.swift; path = AppDelegate.swift; sourceTree = "<group>"; };
		B66C8D03291949CA009B0055 /* SceneDelegate.swift */ = {isa = PBXFileReference; lastKnownFileType = sourcecode.swift; path = SceneDelegate.swift; sourceTree = "<group>"; };
		B66C8D05291949CA009B0055 /* ViewController.swift */ = {isa = PBXFileReference; lastKnownFileType = sourcecode.swift; path = ViewController.swift; sourceTree = "<group>"; };
		B66C8D0A291949CE009B0055 /* Assets.xcassets */ = {isa = PBXFileReference; lastKnownFileType = folder.assetcatalog; path = Assets.xcassets; sourceTree = "<group>"; };
		B66C8D0D291949CE009B0055 /* Base */ = {isa = PBXFileReference; lastKnownFileType = file.storyboard; name = Base; path = Base.lproj/LaunchScreen.storyboard; sourceTree = "<group>"; };
		B66C8D0F291949CE009B0055 /* Info.plist */ = {isa = PBXFileReference; lastKnownFileType = text.plist.xml; path = Info.plist; sourceTree = "<group>"; };
		B66C8D1729194A86009B0055 /* View.swift */ = {isa = PBXFileReference; lastKnownFileType = sourcecode.swift; path = View.swift; sourceTree = "<group>"; };
		B66C8D1929194AA2009B0055 /* ViewModel.swift */ = {isa = PBXFileReference; lastKnownFileType = sourcecode.swift; path = ViewModel.swift; sourceTree = "<group>"; };
		B66C8D1D29194ADF009B0055 /* Coordinated.swift */ = {isa = PBXFileReference; lastKnownFileType = sourcecode.swift; path = Coordinated.swift; sourceTree = "<group>"; };
		B66C8D1F29194AFF009B0055 /* Coordinator.swift */ = {isa = PBXFileReference; lastKnownFileType = sourcecode.swift; path = Coordinator.swift; sourceTree = "<group>"; };
		B66C8D2129194B1A009B0055 /* Coordinatable.swift */ = {isa = PBXFileReference; lastKnownFileType = sourcecode.swift; path = Coordinatable.swift; sourceTree = "<group>"; };
		B66C8D2329194B2D009B0055 /* Route.swift */ = {isa = PBXFileReference; lastKnownFileType = sourcecode.swift; path = Route.swift; sourceTree = "<group>"; };
		B66C8D2529194B4A009B0055 /* Module.swift */ = {isa = PBXFileReference; lastKnownFileType = sourcecode.swift; path = Module.swift; sourceTree = "<group>"; };
		B66C8D2829194BA0009B0055 /* ModuleFactory.swift */ = {isa = PBXFileReference; lastKnownFileType = sourcecode.swift; path = ModuleFactory.swift; sourceTree = "<group>"; };
		B66C8D2A29194BB3009B0055 /* Presentable.swift */ = {isa = PBXFileReference; lastKnownFileType = sourcecode.swift; path = Presentable.swift; sourceTree = "<group>"; };
		B66C8D2E29194EA0009B0055 /* MainViewModel.swift */ = {isa = PBXFileReference; lastKnownFileType = sourcecode.swift; path = MainViewModel.swift; sourceTree = "<group>"; };
		B66C8D30291952C4009B0055 /* MainView.swift */ = {isa = PBXFileReference; lastKnownFileType = sourcecode.swift; path = MainView.swift; sourceTree = "<group>"; };
		B66C8D3229195302009B0055 /* MainViewController.swift */ = {isa = PBXFileReference; lastKnownFileType = sourcecode.swift; path = MainViewController.swift; sourceTree = "<group>"; };
		B66C8D3429195350009B0055 /* MainViewAssembly.swift */ = {isa = PBXFileReference; lastKnownFileType = sourcecode.swift; path = MainViewAssembly.swift; sourceTree = "<group>"; };
		B66C8D3A291962D1009B0055 /* Builder.swift */ = {isa = PBXFileReference; lastKnownFileType = sourcecode.swift; path = Builder.swift; sourceTree = "<group>"; };
		B66C8D3C291962E9009B0055 /* Layout.swift */ = {isa = PBXFileReference; lastKnownFileType = sourcecode.swift; path = Layout.swift; sourceTree = "<group>"; };
		B66C8D3F29196310009B0055 /* NSLayoutConstraint.swift */ = {isa = PBXFileReference; lastKnownFileType = sourcecode.swift; path = NSLayoutConstraint.swift; sourceTree = "<group>"; };
		B66C8D412919632D009B0055 /* Array.swift */ = {isa = PBXFileReference; lastKnownFileType = sourcecode.swift; path = Array.swift; sourceTree = "<group>"; };
		B66C8D43291963B7009B0055 /* Configurable.swift */ = {isa = PBXFileReference; lastKnownFileType = sourcecode.swift; path = Configurable.swift; sourceTree = "<group>"; };
		B66C8D47291974BB009B0055 /* NetworkService.swift */ = {isa = PBXFileReference; lastKnownFileType = sourcecode.swift; path = NetworkService.swift; sourceTree = "<group>"; };
		B66C8D49291976A6009B0055 /* AppError.swift */ = {isa = PBXFileReference; lastKnownFileType = sourcecode.swift; path = AppError.swift; sourceTree = "<group>"; };
		B66C8D4B291976D9009B0055 /* LoaderService.swift */ = {isa = PBXFileReference; lastKnownFileType = sourcecode.swift; path = LoaderService.swift; sourceTree = "<group>"; };
/* End PBXFileReference section */

/* Begin PBXFrameworksBuildPhase section */
		B66C8CFB291949CA009B0055 /* Frameworks */ = {
			isa = PBXFrameworksBuildPhase;
			buildActionMask = 2147483647;
			files = (
				B66C8D38291958C0009B0055 /* RxSwift in Frameworks */,
			);
			runOnlyForDeploymentPostprocessing = 0;
		};
/* End PBXFrameworksBuildPhase section */

/* Begin PBXGroup section */
		B66C8CF5291949CA009B0055 = {
			isa = PBXGroup;
			children = (
				B66C8D00291949CA009B0055 /* worder */,
				B66C8CFF291949CA009B0055 /* Products */,
			);
			sourceTree = "<group>";
		};
		B66C8CFF291949CA009B0055 /* Products */ = {
			isa = PBXGroup;
			children = (
				B66C8CFE291949CA009B0055 /* worder.app */,
			);
			name = Products;
			sourceTree = "<group>";
		};
		B66C8D00291949CA009B0055 /* worder */ = {
			isa = PBXGroup;
			children = (
				B66C8D4529197498009B0055 /* Services */,
				B66C8D2C29194C43009B0055 /* Flows */,
				B66C8D1629194A43009B0055 /* Components */,
				B66C8D1529194A30009B0055 /* App */,
				B66C8D0F291949CE009B0055 /* Info.plist */,
			);
			path = worder;
			sourceTree = "<group>";
		};
		B66C8D1529194A30009B0055 /* App */ = {
			isa = PBXGroup;
			children = (
				B66C8D0A291949CE009B0055 /* Assets.xcassets */,
				B66C8D0C291949CE009B0055 /* LaunchScreen.storyboard */,
				B66C8D01291949CA009B0055 /* AppDelegate.swift */,
				B66C8D03291949CA009B0055 /* SceneDelegate.swift */,
			);
			path = App;
			sourceTree = "<group>";
		};
		B66C8D1629194A43009B0055 /* Components */ = {
			isa = PBXGroup;
			children = (
				B66C8D3E291962FD009B0055 /* Extensions */,
				B66C8D39291962B3009B0055 /* Constraint */,
				B66C8D1C29194AD1009B0055 /* Coordinator */,
				B66C8D1B29194ABD009B0055 /* View */,
			);
			path = Components;
			sourceTree = "<group>";
		};
		B66C8D1B29194ABD009B0055 /* View */ = {
			isa = PBXGroup;
			children = (
				B66C8D05291949CA009B0055 /* ViewController.swift */,
				B66C8D1929194AA2009B0055 /* ViewModel.swift */,
				B66C8D1729194A86009B0055 /* View.swift */,
			);
			path = View;
			sourceTree = "<group>";
		};
		B66C8D1C29194AD1009B0055 /* Coordinator */ = {
			isa = PBXGroup;
			children = (
				B66C8D2729194B56009B0055 /* Module */,
				B66C8D1D29194ADF009B0055 /* Coordinated.swift */,
				B66C8D1F29194AFF009B0055 /* Coordinator.swift */,
				B66C8D2129194B1A009B0055 /* Coordinatable.swift */,
				B66C8D2329194B2D009B0055 /* Route.swift */,
			);
			path = Coordinator;
			sourceTree = "<group>";
		};
		B66C8D2729194B56009B0055 /* Module */ = {
			isa = PBXGroup;
			children = (
				B66C8D2529194B4A009B0055 /* Module.swift */,
				B66C8D2829194BA0009B0055 /* ModuleFactory.swift */,
				B66C8D2A29194BB3009B0055 /* Presentable.swift */,
			);
			path = Module;
			sourceTree = "<group>";
		};
		B66C8D2C29194C43009B0055 /* Flows */ = {
			isa = PBXGroup;
			children = (
				B66C8D2D29194C4E009B0055 /* MainFlow */,
			);
			path = Flows;
			sourceTree = "<group>";
		};
		B66C8D2D29194C4E009B0055 /* MainFlow */ = {
			isa = PBXGroup;
			children = (
				B66C8D2E29194EA0009B0055 /* MainViewModel.swift */,
				B66C8D30291952C4009B0055 /* MainView.swift */,
				B66C8D3429195350009B0055 /* MainViewAssembly.swift */,
				B66C8D3229195302009B0055 /* MainViewController.swift */,
			);
			path = MainFlow;
			sourceTree = "<group>";
		};
		B66C8D39291962B3009B0055 /* Constraint */ = {
			isa = PBXGroup;
			children = (
				B66C8D3A291962D1009B0055 /* Builder.swift */,
				B66C8D3C291962E9009B0055 /* Layout.swift */,
			);
			path = Constraint;
			sourceTree = "<group>";
		};
		B66C8D3E291962FD009B0055 /* Extensions */ = {
			isa = PBXGroup;
			children = (
				B66C8D3F29196310009B0055 /* NSLayoutConstraint.swift */,
				B66C8D43291963B7009B0055 /* Configurable.swift */,
				B66C8D412919632D009B0055 /* Array.swift */,
			);
			path = Extensions;
			sourceTree = "<group>";
		};
		B66C8D4529197498009B0055 /* Services */ = {
			isa = PBXGroup;
			children = (
				B66C8D46291974A4009B0055 /* Network */,
			);
			path = Services;
			sourceTree = "<group>";
		};
		B66C8D46291974A4009B0055 /* Network */ = {
			isa = PBXGroup;
			children = (
				B66C8D47291974BB009B0055 /* NetworkService.swift */,
				B66C8D4B291976D9009B0055 /* LoaderService.swift */,
				B66C8D49291976A6009B0055 /* AppError.swift */,
			);
			path = Network;
			sourceTree = "<group>";
		};
/* End PBXGroup section */

/* Begin PBXNativeTarget section */
		B66C8CFD291949CA009B0055 /* worder */ = {
			isa = PBXNativeTarget;
			buildConfigurationList = B66C8D12291949CE009B0055 /* Build configuration list for PBXNativeTarget "worder" */;
			buildPhases = (
				B66C8CFA291949CA009B0055 /* Sources */,
				B66C8CFB291949CA009B0055 /* Frameworks */,
				B66C8CFC291949CA009B0055 /* Resources */,
			);
			buildRules = (
			);
			dependencies = (
			);
			name = worder;
			packageProductDependencies = (
				B66C8D37291958C0009B0055 /* RxSwift */,
			);
			productName = worder;
			productReference = B66C8CFE291949CA009B0055 /* worder.app */;
			productType = "com.apple.product-type.application";
		};
/* End PBXNativeTarget section */

/* Begin PBXProject section */
		B66C8CF6291949CA009B0055 /* Project object */ = {
			isa = PBXProject;
			attributes = {
				BuildIndependentTargetsInParallel = 1;
				LastSwiftUpdateCheck = 1330;
				LastUpgradeCheck = 1330;
				TargetAttributes = {
					B66C8CFD291949CA009B0055 = {
						CreatedOnToolsVersion = 13.3.1;
					};
				};
			};
			buildConfigurationList = B66C8CF9291949CA009B0055 /* Build configuration list for PBXProject "worder" */;
			compatibilityVersion = "Xcode 13.0";
			developmentRegion = en;
			hasScannedForEncodings = 0;
			knownRegions = (
				en,
				Base,
			);
			mainGroup = B66C8CF5291949CA009B0055;
			packageReferences = (
				B66C8D36291958C0009B0055 /* XCRemoteSwiftPackageReference "RxSwift" */,
			);
			productRefGroup = B66C8CFF291949CA009B0055 /* Products */;
			projectDirPath = "";
			projectRoot = "";
			targets = (
				B66C8CFD291949CA009B0055 /* worder */,
			);
		};
/* End PBXProject section */

/* Begin PBXResourcesBuildPhase section */
		B66C8CFC291949CA009B0055 /* Resources */ = {
			isa = PBXResourcesBuildPhase;
			buildActionMask = 2147483647;
			files = (
				B66C8D0E291949CE009B0055 /* LaunchScreen.storyboard in Resources */,
				B66C8D0B291949CE009B0055 /* Assets.xcassets in Resources */,
			);
			runOnlyForDeploymentPostprocessing = 0;
		};
/* End PBXResourcesBuildPhase section */

/* Begin PBXSourcesBuildPhase section */
		B66C8CFA291949CA009B0055 /* Sources */ = {
			isa = PBXSourcesBuildPhase;
			buildActionMask = 2147483647;
			files = (
				B66C8D48291974BB009B0055 /* NetworkService.swift in Sources */,
				B66C8D2429194B2D009B0055 /* Route.swift in Sources */,
				B66C8D422919632D009B0055 /* Array.swift in Sources */,
				B66C8D3529195350009B0055 /* MainViewAssembly.swift in Sources */,
				B66C8D44291963B7009B0055 /* Configurable.swift in Sources */,
				B66C8D31291952C5009B0055 /* MainView.swift in Sources */,
				B66C8D1A29194AA2009B0055 /* ViewModel.swift in Sources */,
				B66C8D1829194A86009B0055 /* View.swift in Sources */,
				B66C8D3D291962E9009B0055 /* Layout.swift in Sources */,
				B66C8D2629194B4A009B0055 /* Module.swift in Sources */,
				B66C8D06291949CA009B0055 /* ViewController.swift in Sources */,
				B66C8D3B291962D1009B0055 /* Builder.swift in Sources */,
				B66C8D2F29194EA0009B0055 /* MainViewModel.swift in Sources */,
				B66C8D4A291976A6009B0055 /* AppError.swift in Sources */,
				B66C8D4C291976D9009B0055 /* LoaderService.swift in Sources */,
				B66C8D2B29194BB3009B0055 /* Presentable.swift in Sources */,
				B66C8D2929194BA0009B0055 /* ModuleFactory.swift in Sources */,
				B66C8D3329195302009B0055 /* MainViewController.swift in Sources */,
				B66C8D02291949CA009B0055 /* AppDelegate.swift in Sources */,
				B66C8D04291949CA009B0055 /* SceneDelegate.swift in Sources */,
				B66C8D2229194B1A009B0055 /* Coordinatable.swift in Sources */,
				B66C8D4029196310009B0055 /* NSLayoutConstraint.swift in Sources */,
				B66C8D1E29194ADF009B0055 /* Coordinated.swift in Sources */,
				B66C8D2029194AFF009B0055 /* Coordinator.swift in Sources */,
			);
			runOnlyForDeploymentPostprocessing = 0;
		};
/* End PBXSourcesBuildPhase section */

/* Begin PBXVariantGroup section */
		B66C8D0C291949CE009B0055 /* LaunchScreen.storyboard */ = {
			isa = PBXVariantGroup;
			children = (
				B66C8D0D291949CE009B0055 /* Base */,
			);
			name = LaunchScreen.storyboard;
			sourceTree = "<group>";
		};
/* End PBXVariantGroup section */

/* Begin XCBuildConfiguration section */
		B66C8D10291949CE009B0055 /* Debug */ = {
			isa = XCBuildConfiguration;
			buildSettings = {
				ALWAYS_SEARCH_USER_PATHS = NO;
				CLANG_ANALYZER_NONNULL = YES;
				CLANG_ANALYZER_NUMBER_OBJECT_CONVERSION = YES_AGGRESSIVE;
				CLANG_CXX_LANGUAGE_STANDARD = "gnu++17";
				CLANG_ENABLE_MODULES = YES;
				CLANG_ENABLE_OBJC_ARC = YES;
				CLANG_ENABLE_OBJC_WEAK = YES;
				CLANG_WARN_BLOCK_CAPTURE_AUTORELEASING = YES;
				CLANG_WARN_BOOL_CONVERSION = YES;
				CLANG_WARN_COMMA = YES;
				CLANG_WARN_CONSTANT_CONVERSION = YES;
				CLANG_WARN_DEPRECATED_OBJC_IMPLEMENTATIONS = YES;
				CLANG_WARN_DIRECT_OBJC_ISA_USAGE = YES_ERROR;
				CLANG_WARN_DOCUMENTATION_COMMENTS = YES;
				CLANG_WARN_EMPTY_BODY = YES;
				CLANG_WARN_ENUM_CONVERSION = YES;
				CLANG_WARN_INFINITE_RECURSION = YES;
				CLANG_WARN_INT_CONVERSION = YES;
				CLANG_WARN_NON_LITERAL_NULL_CONVERSION = YES;
				CLANG_WARN_OBJC_IMPLICIT_RETAIN_SELF = YES;
				CLANG_WARN_OBJC_LITERAL_CONVERSION = YES;
				CLANG_WARN_OBJC_ROOT_CLASS = YES_ERROR;
				CLANG_WARN_QUOTED_INCLUDE_IN_FRAMEWORK_HEADER = YES;
				CLANG_WARN_RANGE_LOOP_ANALYSIS = YES;
				CLANG_WARN_STRICT_PROTOTYPES = YES;
				CLANG_WARN_SUSPICIOUS_MOVE = YES;
				CLANG_WARN_UNGUARDED_AVAILABILITY = YES_AGGRESSIVE;
				CLANG_WARN_UNREACHABLE_CODE = YES;
				CLANG_WARN__DUPLICATE_METHOD_MATCH = YES;
				COPY_PHASE_STRIP = NO;
				DEBUG_INFORMATION_FORMAT = dwarf;
				ENABLE_STRICT_OBJC_MSGSEND = YES;
				ENABLE_TESTABILITY = YES;
				GCC_C_LANGUAGE_STANDARD = gnu11;
				GCC_DYNAMIC_NO_PIC = NO;
				GCC_NO_COMMON_BLOCKS = YES;
				GCC_OPTIMIZATION_LEVEL = 0;
				GCC_PREPROCESSOR_DEFINITIONS = (
					"DEBUG=1",
					"$(inherited)",
				);
				GCC_WARN_64_TO_32_BIT_CONVERSION = YES;
				GCC_WARN_ABOUT_RETURN_TYPE = YES_ERROR;
				GCC_WARN_UNDECLARED_SELECTOR = YES;
				GCC_WARN_UNINITIALIZED_AUTOS = YES_AGGRESSIVE;
				GCC_WARN_UNUSED_FUNCTION = YES;
				GCC_WARN_UNUSED_VARIABLE = YES;
				IPHONEOS_DEPLOYMENT_TARGET = 15.4;
				MTL_ENABLE_DEBUG_INFO = INCLUDE_SOURCE;
				MTL_FAST_MATH = YES;
				ONLY_ACTIVE_ARCH = YES;
				SDKROOT = iphoneos;
				SWIFT_ACTIVE_COMPILATION_CONDITIONS = DEBUG;
				SWIFT_OPTIMIZATION_LEVEL = "-Onone";
			};
			name = Debug;
		};
		B66C8D11291949CE009B0055 /* Release */ = {
			isa = XCBuildConfiguration;
			buildSettings = {
				ALWAYS_SEARCH_USER_PATHS = NO;
				CLANG_ANALYZER_NONNULL = YES;
				CLANG_ANALYZER_NUMBER_OBJECT_CONVERSION = YES_AGGRESSIVE;
				CLANG_CXX_LANGUAGE_STANDARD = "gnu++17";
				CLANG_ENABLE_MODULES = YES;
				CLANG_ENABLE_OBJC_ARC = YES;
				CLANG_ENABLE_OBJC_WEAK = YES;
				CLANG_WARN_BLOCK_CAPTURE_AUTORELEASING = YES;
				CLANG_WARN_BOOL_CONVERSION = YES;
				CLANG_WARN_COMMA = YES;
				CLANG_WARN_CONSTANT_CONVERSION = YES;
				CLANG_WARN_DEPRECATED_OBJC_IMPLEMENTATIONS = YES;
				CLANG_WARN_DIRECT_OBJC_ISA_USAGE = YES_ERROR;
				CLANG_WARN_DOCUMENTATION_COMMENTS = YES;
				CLANG_WARN_EMPTY_BODY = YES;
				CLANG_WARN_ENUM_CONVERSION = YES;
				CLANG_WARN_INFINITE_RECURSION = YES;
				CLANG_WARN_INT_CONVERSION = YES;
				CLANG_WARN_NON_LITERAL_NULL_CONVERSION = YES;
				CLANG_WARN_OBJC_IMPLICIT_RETAIN_SELF = YES;
				CLANG_WARN_OBJC_LITERAL_CONVERSION = YES;
				CLANG_WARN_OBJC_ROOT_CLASS = YES_ERROR;
				CLANG_WARN_QUOTED_INCLUDE_IN_FRAMEWORK_HEADER = YES;
				CLANG_WARN_RANGE_LOOP_ANALYSIS = YES;
				CLANG_WARN_STRICT_PROTOTYPES = YES;
				CLANG_WARN_SUSPICIOUS_MOVE = YES;
				CLANG_WARN_UNGUARDED_AVAILABILITY = YES_AGGRESSIVE;
				CLANG_WARN_UNREACHABLE_CODE = YES;
				CLANG_WARN__DUPLICATE_METHOD_MATCH = YES;
				COPY_PHASE_STRIP = NO;
				DEBUG_INFORMATION_FORMAT = "dwarf-with-dsym";
				ENABLE_NS_ASSERTIONS = NO;
				ENABLE_STRICT_OBJC_MSGSEND = YES;
				GCC_C_LANGUAGE_STANDARD = gnu11;
				GCC_NO_COMMON_BLOCKS = YES;
				GCC_WARN_64_TO_32_BIT_CONVERSION = YES;
				GCC_WARN_ABOUT_RETURN_TYPE = YES_ERROR;
				GCC_WARN_UNDECLARED_SELECTOR = YES;
				GCC_WARN_UNINITIALIZED_AUTOS = YES_AGGRESSIVE;
				GCC_WARN_UNUSED_FUNCTION = YES;
				GCC_WARN_UNUSED_VARIABLE = YES;
				IPHONEOS_DEPLOYMENT_TARGET = 15.4;
				MTL_ENABLE_DEBUG_INFO = NO;
				MTL_FAST_MATH = YES;
				SDKROOT = iphoneos;
				SWIFT_COMPILATION_MODE = wholemodule;
				SWIFT_OPTIMIZATION_LEVEL = "-O";
				VALIDATE_PRODUCT = YES;
			};
			name = Release;
		};
		B66C8D13291949CE009B0055 /* Debug */ = {
			isa = XCBuildConfiguration;
			buildSettings = {
				ASSETCATALOG_COMPILER_APPICON_NAME = AppIcon;
				ASSETCATALOG_COMPILER_GLOBAL_ACCENT_COLOR_NAME = AccentColor;
				CODE_SIGN_STYLE = Automatic;
				CURRENT_PROJECT_VERSION = 1;
				DEVELOPMENT_TEAM = JKYU7W8LBP;
				GENERATE_INFOPLIST_FILE = YES;
				INFOPLIST_FILE = worder/Info.plist;
				INFOPLIST_KEY_UIApplicationSupportsIndirectInputEvents = YES;
				INFOPLIST_KEY_UILaunchStoryboardName = LaunchScreen;
				INFOPLIST_KEY_UISupportedInterfaceOrientations_iPad = "UIInterfaceOrientationPortrait UIInterfaceOrientationPortraitUpsideDown UIInterfaceOrientationLandscapeLeft UIInterfaceOrientationLandscapeRight";
				INFOPLIST_KEY_UISupportedInterfaceOrientations_iPhone = "UIInterfaceOrientationPortrait UIInterfaceOrientationLandscapeLeft UIInterfaceOrientationLandscapeRight";
				LD_RUNPATH_SEARCH_PATHS = (
					"$(inherited)",
					"@executable_path/Frameworks",
				);
				MARKETING_VERSION = 1.0;
				PRODUCT_BUNDLE_IDENTIFIER = mishacausur.worder;
				PRODUCT_NAME = "$(TARGET_NAME)";
				SWIFT_EMIT_LOC_STRINGS = YES;
				SWIFT_VERSION = 5.0;
				TARGETED_DEVICE_FAMILY = "1,2";
			};
			name = Debug;
		};
		B66C8D14291949CE009B0055 /* Release */ = {
			isa = XCBuildConfiguration;
			buildSettings = {
				ASSETCATALOG_COMPILER_APPICON_NAME = AppIcon;
				ASSETCATALOG_COMPILER_GLOBAL_ACCENT_COLOR_NAME = AccentColor;
				CODE_SIGN_STYLE = Automatic;
				CURRENT_PROJECT_VERSION = 1;
				DEVELOPMENT_TEAM = JKYU7W8LBP;
				GENERATE_INFOPLIST_FILE = YES;
				INFOPLIST_FILE = worder/Info.plist;
				INFOPLIST_KEY_UIApplicationSupportsIndirectInputEvents = YES;
				INFOPLIST_KEY_UILaunchStoryboardName = LaunchScreen;
				INFOPLIST_KEY_UISupportedInterfaceOrientations_iPad = "UIInterfaceOrientationPortrait UIInterfaceOrientationPortraitUpsideDown UIInterfaceOrientationLandscapeLeft UIInterfaceOrientationLandscapeRight";
				INFOPLIST_KEY_UISupportedInterfaceOrientations_iPhone = "UIInterfaceOrientationPortrait UIInterfaceOrientationLandscapeLeft UIInterfaceOrientationLandscapeRight";
				LD_RUNPATH_SEARCH_PATHS = (
					"$(inherited)",
					"@executable_path/Frameworks",
				);
				MARKETING_VERSION = 1.0;
				PRODUCT_BUNDLE_IDENTIFIER = mishacausur.worder;
				PRODUCT_NAME = "$(TARGET_NAME)";
				SWIFT_EMIT_LOC_STRINGS = YES;
				SWIFT_VERSION = 5.0;
				TARGETED_DEVICE_FAMILY = "1,2";
			};
			name = Release;
		};
/* End XCBuildConfiguration section */

/* Begin XCConfigurationList section */
		B66C8CF9291949CA009B0055 /* Build configuration list for PBXProject "worder" */ = {
			isa = XCConfigurationList;
			buildConfigurations = (
				B66C8D10291949CE009B0055 /* Debug */,
				B66C8D11291949CE009B0055 /* Release */,
			);
			defaultConfigurationIsVisible = 0;
			defaultConfigurationName = Release;
		};
		B66C8D12291949CE009B0055 /* Build configuration list for PBXNativeTarget "worder" */ = {
			isa = XCConfigurationList;
			buildConfigurations = (
				B66C8D13291949CE009B0055 /* Debug */,
				B66C8D14291949CE009B0055 /* Release */,
			);
			defaultConfigurationIsVisible = 0;
			defaultConfigurationName = Release;
		};
/* End XCConfigurationList section */

/* Begin XCRemoteSwiftPackageReference section */
		B66C8D36291958C0009B0055 /* XCRemoteSwiftPackageReference "RxSwift" */ = {
			isa = XCRemoteSwiftPackageReference;
			repositoryURL = "https://github.com/ReactiveX/RxSwift";
			requirement = {
				kind = upToNextMajorVersion;
				minimumVersion = 6.0.0;
			};
		};
/* End XCRemoteSwiftPackageReference section */

/* Begin XCSwiftPackageProductDependency section */
		B66C8D37291958C0009B0055 /* RxSwift */ = {
			isa = XCSwiftPackageProductDependency;
			package = B66C8D36291958C0009B0055 /* XCRemoteSwiftPackageReference "RxSwift" */;
			productName = RxSwift;
		};
/* End XCSwiftPackageProductDependency section */
	};
	rootObject = B66C8CF6291949CA009B0055 /* Project object */;
}
